Microsoft Visual Studio Solution File, Format Version 12.00
# Visual Studio Version 17
VisualStudioVersion = 17.5.2.0
MinimumVisualStudioVersion = 10.0.40219.1
Project("{FAE04EC0-301F-11D3-BF4B-00C04F79EFBC}") = "APITeste", "APITeste.csproj", "{BF411594-C25E-54EC-8B7B-0D108A8FA492}"
EndProject
Global
	GlobalSection(SolutionConfigurationPlatforms) = preSolution
		Debug|Any CPU = Debug|Any CPU
		Release|Any CPU = Release|Any CPU
	EndGlobalSection
	GlobalSection(ProjectConfigurationPlatforms) = postSolution
		{BF411594-C25E-54EC-8B7B-0D108A8FA492}.Debug|Any CPU.ActiveCfg = Debug|Any CPU
		{BF411594-C25E-54EC-8B7B-0D108A8FA492}.Debug|Any CPU.Build.0 = Debug|Any CPU
		{BF411594-C25E-54EC-8B7B-0D108A8FA492}.Release|Any CPU.ActiveCfg = Release|Any CPU
		{BF411594-C25E-54EC-8B7B-0D108A8FA492}.Release|Any CPU.Build.0 = Release|Any CPU
	EndGlobalSection
	GlobalSection(SolutionProperties) = preSolution
		HideSolutionNode = FALSE
	EndGlobalSection
	GlobalSection(ExtensibilityGlobals) = postSolution
		SolutionGuid = {45CF3C3B-E9F3-457B-BEC5-A3AF335401E6}
	EndGlobalSection
EndGlobal
